
Microsoft Visual Studio Solution File, Format Version 12.00
# Visual Studio Version 16
VisualStudioVersion = 16.0.31702.278
MinimumVisualStudioVersion = 10.0.40219.1
Project("{9A19103F-16F7-4668-BE54-9A1E7A4F7556}") = "Cyber_Bot1", "Cyber_Bot1.csproj", "{7C25E358-C1E3-41A4-9E2B-5E45B1FC36C5}"
EndProject
Global
	GlobalSection(SolutionConfigurationPlatforms) = preSolution
		Debug|Any CPU = Debug|Any CPU
		Release|Any CPU = Release|Any CPU
	EndGlobalSection
	GlobalSection(ProjectConfigurationPlatforms) = postSolution
		{7C25E358-C1E3-41A4-9E2B-5E45B1FC36C5}.Debug|Any CPU.ActiveCfg = Debug|Any CPU
		{7C25E358-C1E3-41A4-9E2B-5E45B1FC36C5}.Debug|Any CPU.Build.0 = Debug|Any CPU
		{7C25E358-C1E3-41A4-9E2B-5E45B1FC36C5}.Release|Any CPU.ActiveCfg = Release|Any CPU
		{7C25E358-C1E3-41A4-9E2B-5E45B1FC36C5}.Release|Any CPU.Build.0 = Release|Any CPU
	EndGlobalSection
	GlobalSection(SolutionProperties) = preSolution
		HideSolutionNode = FALSE
	EndGlobalSection
	GlobalSection(ExtensibilityGlobals) = postSolution
		SolutionGuid = {7B0A43D9-CDE5-41D7-B48F-8F3C8F47EFFA}
	EndGlobalSection
EndGlobal
